
Microsoft Visual Studio Solution File, Format Version 12.00
# Visual Studio Version 17
VisualStudioVersion = 17.3.32819.101
MinimumVisualStudioVersion = 10.0.40219.1
Project("{2150E333-8FDC-42A3-9474-1A3956D46DE8}") = "clients", "clients", "{BD9533FA-7A6D-45BF-A89F-D4A617DCD58B}"
EndProject
Project("{2150E333-8FDC-42A3-9474-1A3956D46DE8}") = "server", "server", "{E4FBC61E-E7EB-41DF-A178-7CBBD9924C72}"
EndProject
Project("{FAE04EC0-301F-11D3-BF4B-00C04F79EFBC}") = "MultApps.Client.Windows", "clients\MultApps.Client.Windows\MultApps.Client.Windows.csproj", "{BBBC7C42-0641-4F46-A0C9-9BB77880B01F}"
EndProject
Project("{FAE04EC0-301F-11D3-BF4B-00C04F79EFBC}") = "MultApps.Server.Core", "server\MultApps.Server.Core\MultApps.Server.Core.csproj", "{587DFF7D-AC7A-4A3A-8BEB-16622F2F3B06}"
EndProject
Global
	GlobalSection(SolutionConfigurationPlatforms) = preSolution
		Debug|Any CPU = Debug|Any CPU
		Release|Any CPU = Release|Any CPU
	EndGlobalSection
	GlobalSection(ProjectConfigurationPlatforms) = postSolution
		{BBBC7C42-0641-4F46-A0C9-9BB77880B01F}.Debug|Any CPU.ActiveCfg = Debug|Any CPU
		{BBBC7C42-0641-4F46-A0C9-9BB77880B01F}.Debug|Any CPU.Build.0 = Debug|Any CPU
		{BBBC7C42-0641-4F46-A0C9-9BB77880B01F}.Release|Any CPU.ActiveCfg = Release|Any CPU
		{BBBC7C42-0641-4F46-A0C9-9BB77880B01F}.Release|Any CPU.Build.0 = Release|Any CPU
		{587DFF7D-AC7A-4A3A-8BEB-16622F2F3B06}.Debug|Any CPU.ActiveCfg = Debug|Any CPU
		{587DFF7D-AC7A-4A3A-8BEB-16622F2F3B06}.Debug|Any CPU.Build.0 = Debug|Any CPU
		{587DFF7D-AC7A-4A3A-8BEB-16622F2F3B06}.Release|Any CPU.ActiveCfg = Release|Any CPU
		{587DFF7D-AC7A-4A3A-8BEB-16622F2F3B06}.Release|Any CPU.Build.0 = Release|Any CPU
	EndGlobalSection
	GlobalSection(SolutionProperties) = preSolution
		HideSolutionNode = FALSE
	EndGlobalSection
	GlobalSection(NestedProjects) = preSolution
		{BBBC7C42-0641-4F46-A0C9-9BB77880B01F} = {BD9533FA-7A6D-45BF-A89F-D4A617DCD58B}
		{587DFF7D-AC7A-4A3A-8BEB-16622F2F3B06} = {E4FBC61E-E7EB-41DF-A178-7CBBD9924C72}
	EndGlobalSection
	GlobalSection(ExtensibilityGlobals) = postSolution
		SolutionGuid = {3701CA6E-56B3-4F0F-A200-0E7253DC61A1}
	EndGlobalSection
EndGlobal
